
Microsoft Visual Studio Solution File, Format Version 12.00
# Visual Studio 14
VisualStudioVersion = 14.0.25420.1
MinimumVisualStudioVersion = 10.0.40219.1
Project("{FAE04EC0-301F-11D3-BF4B-00C04F79EFBC}") = "Sales.Api", "Sales.Api\Sales.Api.csproj", "{09B6F9FD-D018-430E-89C9-9F4F7A005F9C}"
EndProject
Project("{FAE04EC0-301F-11D3-BF4B-00C04F79EFBC}") = "Sales.Api.Tests", "Sales.Api.Tests\Sales.Api.Tests.csproj", "{560A10B6-5F51-467E-B873-3747F42451F5}"
EndProject
Global
	GlobalSection(SolutionConfigurationPlatforms) = preSolution
		Debug|Any CPU = Debug|Any CPU
		Release|Any CPU = Release|Any CPU
	EndGlobalSection
	GlobalSection(ProjectConfigurationPlatforms) = postSolution
		{09B6F9FD-D018-430E-89C9-9F4F7A005F9C}.Debug|Any CPU.ActiveCfg = Debug|Any CPU
		{09B6F9FD-D018-430E-89C9-9F4F7A005F9C}.Debug|Any CPU.Build.0 = Debug|Any CPU
		{09B6F9FD-D018-430E-89C9-9F4F7A005F9C}.Release|Any CPU.ActiveCfg = Release|Any CPU
		{09B6F9FD-D018-430E-89C9-9F4F7A005F9C}.Release|Any CPU.Build.0 = Release|Any CPU
		{560A10B6-5F51-467E-B873-3747F42451F5}.Debug|Any CPU.ActiveCfg = Debug|Any CPU
		{560A10B6-5F51-467E-B873-3747F42451F5}.Debug|Any CPU.Build.0 = Debug|Any CPU
		{560A10B6-5F51-467E-B873-3747F42451F5}.Release|Any CPU.ActiveCfg = Release|Any CPU
		{560A10B6-5F51-467E-B873-3747F42451F5}.Release|Any CPU.Build.0 = Release|Any CPU
	EndGlobalSection
	GlobalSection(SolutionProperties) = preSolution
		HideSolutionNode = FALSE
	EndGlobalSection
EndGlobal
